{
  "requires": true,
  "lockfileVersion": 1,
  "dependencies": {
    "vue": {
      "version": "2.6.12",
      "resolved": "https://registry.npmjs.org/vue/-/vue-2.6.12.tgz",
      "integrity": "sha512-uhmLFETqPPNyuLLbsKz6ioJ4q7AZHzD8ZVFNATNyICSZouqP2Sz0rotWQC8UNBF6VGSCs5abnKJoStA6JbCbfg=="
    },
    "vue-router": {
      "version": "3.0.2",
      "resolved": "https://registry.npmjs.org/vue-router/-/vue-router-3.0.2.tgz",
      "integrity": "sha512-opKtsxjp9eOcFWdp6xLQPLmRGgfM932Tl56U9chYTnoWqKxQ8M20N7AkdEbM5beUh6wICoFGYugAX9vQjyJLFg=="
    }
  }
}
